// !$*UTF8*$!
{
	archiveVersion = 1;
	classes = {
	};
	objectVersion = 46;
	objects = {

/* Begin PBXAggregateTarget section */
		D42F39B5C4E9AEA8A7C43CAF /* Qt Preprocess */ = {
			isa = PBXAggregateTarget;
			buildConfigurationList = 6CC3B5D2136C7CD6A5CF5A59 /* Build configuration list for PBXNativeTarget "TestQtCppLib" */;
			buildPhases = (
				5E618435888B9D49F8540165 /* Qt Qmake */,
				7EF0942E79C014DCEC8976BC /* Qt Preprocessors */,
			);
			dependencies = (
			);
			name = "Qt Preprocess";
			productName = "Qt Preprocess";
		};
/* End PBXAggregateTarget section */

/* Begin PBXBuildFile section */
		3C901031A736994E5272FC7D /* QtCore.framework in Link Binary With Libraries */ = {isa = PBXBuildFile; fileRef = DA34C1C871515BF840921EAF /* QtCore.framework */; };
		44C7AE92C2C71C1F19184FBB /* QtWidgets.framework in Link Binary With Libraries */ = {isa = PBXBuildFile; fileRef = 4C6C6F7358AF8AE96E88C0A6 /* QtWidgets.framework */; };
		7FE568DBB6220A9FBB5982FE /* QtGui.framework in Link Binary With Libraries */ = {isa = PBXBuildFile; fileRef = C1CAF6E748F1AD92F137BF65 /* QtGui.framework */; };
		8771A8C96E9C391044035D99 /* OpenGL.framework in Link Binary With Libraries */ = {isa = PBXBuildFile; fileRef = D4B32C2222F82AC56BADEB21 /* OpenGL.framework */; };
		8D267F2E4776F0ECA2F49DC8 /* IOKit.framework in Link Binary With Libraries */ = {isa = PBXBuildFile; fileRef = A1A67BEAA744704B29168D39 /* IOKit.framework */; };
		A006F513BD13D411CC29EC71 /* moc_mainwindow.cpp in Compile Sources */ = {isa = PBXBuildFile; fileRef = 721C1DE06B327393E3F7D7E1 /* moc_mainwindow.cpp */; settings = {ATTRIBUTES = (); }; };
		A34055D347003133AEE3969A /* main.cpp in Compile Sources */ = {isa = PBXBuildFile; fileRef = 682A50D19E416195436708E4 /* main.cpp */; settings = {ATTRIBUTES = (); }; };
		A99B2AA0F9CBBDD12BA126A4 /* DiskArbitration.framework in Link Binary With Libraries */ = {isa = PBXBuildFile; fileRef = 2B774D8E4178765CE52EAAF5 /* DiskArbitration.framework */; };
		E45E51A644D5FC9F942ECE55 /* AGL.framework in Link Binary With Libraries */ = {isa = PBXBuildFile; fileRef = 8D9815BDB5BD9F90D2BC05C5 /* AGL.framework */; };
		ECD9563A1AA8334000469606 /* libQtCPPLib.1.0.0.dylib in Link Binary With Libraries */ = {isa = PBXBuildFile; fileRef = ECD956391AA8334000469606 /* libQtCPPLib.1.0.0.dylib */; settings = {ATTRIBUTES = (Weak, ); }; };
		ECD9563B1AA8334E00469606 /* libQtCPPLib.1.0.0.dylib in CopyFiles */ = {isa = PBXBuildFile; fileRef = ECD956391AA8334000469606 /* libQtCPPLib.1.0.0.dylib */; settings = {ATTRIBUTES = (CodeSignOnCopy, ); }; };
		FA9141B0977D1C53F3988B10 /* mainwindow.cpp in Compile Sources */ = {isa = PBXBuildFile; fileRef = 8D467E7358ADF4E3703F837B /* mainwindow.cpp */; settings = {ATTRIBUTES = (); }; };
/* End PBXBuildFile section */

/* Begin PBXContainerItemProxy section */
		EC34CD261AA8096D0090203D /* PBXContainerItemProxy */ = {
			isa = PBXContainerItemProxy;
			containerPortal = 6DB9C3763D02B1415CD9D565 /* Project object */;
			proxyType = 1;
			remoteGlobalIDString = D42F39B5C4E9AEA8A7C43CAF;
			remoteInfo = "Qt Preprocess";
		};
/* End PBXContainerItemProxy section */

/* Begin PBXCopyFilesBuildPhase section */
		EC34CD2F1AA82B720090203D /* CopyFiles */ = {
			isa = PBXCopyFilesBuildPhase;
			buildActionMask = 8;
			dstPath = "";
			dstSubfolderSpec = 7;
			files = (
				ECD9563B1AA8334E00469606 /* libQtCPPLib.1.0.0.dylib in CopyFiles */,
			);
			runOnlyForDeploymentPostprocessing = 1;
		};
/* End PBXCopyFilesBuildPhase section */

/* Begin PBXFileReference section */
		04C08EB071C42F45D880FAEA /* qtcpplib.h */ = {isa = PBXFileReference; lastKnownFileType = sourcecode.c.h; name = qtcpplib.h; path = /Users/liuyulong/WorkSpace/QtCPPLib/qtcpplib.h; sourceTree = "<absolute>"; };
		14C9776A4B2E34DB51106724 /* ui_mainwindow.h */ = {isa = PBXFileReference; lastKnownFileType = sourcecode.c.h; name = ui_mainwindow.h; path = /Users/liuyulong/WorkSpace/TestQtCppLib/ui_mainwindow.h; sourceTree = "<absolute>"; };
		2B774D8E4178765CE52EAAF5 /* DiskArbitration.framework */ = {isa = PBXFileReference; lastKnownFileType = wrapper.framework; name = DiskArbitration.framework; path = /System/Library/Frameworks/DiskArbitration.framework; sourceTree = "<absolute>"; };
		4479F30C5218C73018CD6430 /* mainwindow.h */ = {isa = PBXFileReference; lastKnownFileType = sourcecode.c.h; name = mainwindow.h; path = /Users/liuyulong/WorkSpace/TestQtCppLib/mainwindow.h; sourceTree = "<absolute>"; };
		4C6C6F7358AF8AE96E88C0A6 /* QtWidgets.framework */ = {isa = PBXFileReference; lastKnownFileType = wrapper.framework; name = QtWidgets.framework; path = ../../Qt5.4.1/5.4/clang_64/lib/QtWidgets.framework; sourceTree = "<absolute>"; };
		59342C100B758CDE10A0EA4D /* mainwindow.ui */ = {isa = PBXFileReference; lastKnownFileType = text; name = mainwindow.ui; path = /Users/liuyulong/WorkSpace/TestQtCppLib/mainwindow.ui; sourceTree = "<absolute>"; };
		682A50D19E416195436708E4 /* main.cpp */ = {isa = PBXFileReference; lastKnownFileType = sourcecode.cpp.cpp; name = main.cpp; path = /Users/liuyulong/WorkSpace/TestQtCppLib/main.cpp; sourceTree = "<absolute>"; };
		721C1DE06B327393E3F7D7E1 /* moc_mainwindow.cpp */ = {isa = PBXFileReference; lastKnownFileType = sourcecode.cpp.cpp; name = moc_mainwindow.cpp; path = /Users/liuyulong/WorkSpace/TestQtCppLib/moc_mainwindow.cpp; sourceTree = "<absolute>"; };
		8D467E7358ADF4E3703F837B /* mainwindow.cpp */ = {isa = PBXFileReference; lastKnownFileType = sourcecode.cpp.cpp; name = mainwindow.cpp; path = /Users/liuyulong/WorkSpace/TestQtCppLib/mainwindow.cpp; sourceTree = "<absolute>"; };
		8D9815BDB5BD9F90D2BC05C5 /* AGL.framework */ = {isa = PBXFileReference; lastKnownFileType = wrapper.framework; name = AGL.framework; path = /System/Library/Frameworks/AGL.framework; sourceTree = "<absolute>"; };
		A1A67BEAA744704B29168D39 /* IOKit.framework */ = {isa = PBXFileReference; lastKnownFileType = wrapper.framework; name = IOKit.framework; path = /System/Library/Frameworks/IOKit.framework; sourceTree = "<absolute>"; };
		C1CAF6E748F1AD92F137BF65 /* QtGui.framework */ = {isa = PBXFileReference; lastKnownFileType = wrapper.framework; name = QtGui.framework; path = ../../Qt5.4.1/5.4/clang_64/lib/QtGui.framework; sourceTree = "<absolute>"; };
		D4B32C2222F82AC56BADEB21 /* OpenGL.framework */ = {isa = PBXFileReference; lastKnownFileType = wrapper.framework; name = OpenGL.framework; path = /System/Library/Frameworks/OpenGL.framework; sourceTree = "<absolute>"; };
		DA34C1C871515BF840921EAF /* QtCore.framework */ = {isa = PBXFileReference; lastKnownFileType = wrapper.framework; name = QtCore.framework; path = ../../Qt5.4.1/5.4/clang_64/lib/QtCore.framework; sourceTree = "<absolute>"; };
		E794BA1DBBD12154E3B2A47C /* TestQtCppLib.pro */ = {isa = PBXFileReference; lastKnownFileType = text; name = TestQtCppLib.pro; path = /Users/liuyulong/WorkSpace/TestQtCppLib/TestQtCppLib.pro; sourceTree = "<absolute>"; };
		ECB65F9CFB800084DE3BACE2 /* TestQtCppLib.app */ = {isa = PBXFileReference; explicitFileType = wrapper.application; includeInIndex = 0; path = TestQtCppLib.app; sourceTree = BUILT_PRODUCTS_DIR; };
		ECD956391AA8334000469606 /* libQtCPPLib.1.0.0.dylib */ = {isa = PBXFileReference; lastKnownFileType = "compiled.mach-o.dylib"; path = libQtCPPLib.1.0.0.dylib; sourceTree = SOURCE_ROOT; };
/* End PBXFileReference section */

/* Begin PBXFrameworksBuildPhase section */
		D1C883685E82D5676953459A /* Link Binary With Libraries */ = {
			isa = PBXFrameworksBuildPhase;
			buildActionMask = 2147483647;
			files = (
				44C7AE92C2C71C1F19184FBB /* QtWidgets.framework in Link Binary With Libraries */,
				7FE568DBB6220A9FBB5982FE /* QtGui.framework in Link Binary With Libraries */,
				ECD9563A1AA8334000469606 /* libQtCPPLib.1.0.0.dylib in Link Binary With Libraries */,
				3C901031A736994E5272FC7D /* QtCore.framework in Link Binary With Libraries */,
				A99B2AA0F9CBBDD12BA126A4 /* DiskArbitration.framework in Link Binary With Libraries */,
				8D267F2E4776F0ECA2F49DC8 /* IOKit.framework in Link Binary With Libraries */,
				8771A8C96E9C391044035D99 /* OpenGL.framework in Link Binary With Libraries */,
				E45E51A644D5FC9F942ECE55 /* AGL.framework in Link Binary With Libraries */,
			);
			name = "Link Binary With Libraries";
			runOnlyForDeploymentPostprocessing = 0;
		};
/* End PBXFrameworksBuildPhase section */

/* Begin PBXGroup section */
		12E908B8A1C3C07C115504F5 /* Sources [uic] */ = {
			isa = PBXGroup;
			children = (
				59342C100B758CDE10A0EA4D /* mainwindow.ui */,
			);
			name = "Sources [uic]";
			sourceTree = "<Group>";
		};
		25B08E2869634E9BCBA333A2 /* Generated Sources */ = {
			isa = PBXGroup;
			children = (
				721C1DE06B327393E3F7D7E1 /* moc_mainwindow.cpp */,
				14C9776A4B2E34DB51106724 /* ui_mainwindow.h */,
			);
			name = "Generated Sources";
			sourceTree = "<Group>";
		};
		2EB56BE3C2D93CDAB0C52E67 /* Sources */ = {
			isa = PBXGroup;
			children = (
				682A50D19E416195436708E4 /* main.cpp */,
				8D467E7358ADF4E3703F837B /* mainwindow.cpp */,
				4479F30C5218C73018CD6430 /* mainwindow.h */,
				04C08EB071C42F45D880FAEA /* qtcpplib.h */,
			);
			name = Sources;
			sourceTree = "<Group>";
		};
		74B182DB50CB5611B5C1C297 /* Supporting Files */ = {
			isa = PBXGroup;
			children = (
				E794BA1DBBD12154E3B2A47C /* TestQtCppLib.pro */,
			);
			name = "Supporting Files";
			sourceTree = "<Group>";
		};
		AF39DD055C3EF8226FBE929D /* Frameworks */ = {
			isa = PBXGroup;
			children = (
				4C6C6F7358AF8AE96E88C0A6 /* QtWidgets.framework */,
				C1CAF6E748F1AD92F137BF65 /* QtGui.framework */,
				DA34C1C871515BF840921EAF /* QtCore.framework */,
				2B774D8E4178765CE52EAAF5 /* DiskArbitration.framework */,
				A1A67BEAA744704B29168D39 /* IOKit.framework */,
				D4B32C2222F82AC56BADEB21 /* OpenGL.framework */,
				8D9815BDB5BD9F90D2BC05C5 /* AGL.framework */,
			);
			name = Frameworks;
			sourceTree = "<Group>";
		};
		E8C543AB96796ECAA2E65C57 /* TestQtCppLib */ = {
			isa = PBXGroup;
			children = (
				ECD956391AA8334000469606 /* libQtCPPLib.1.0.0.dylib */,
				2EB56BE3C2D93CDAB0C52E67 /* Sources */,
				25B08E2869634E9BCBA333A2 /* Generated Sources */,
				74B182DB50CB5611B5C1C297 /* Supporting Files */,
				12E908B8A1C3C07C115504F5 /* Sources [uic] */,
				AF39DD055C3EF8226FBE929D /* Frameworks */,
				FE0A091FDBFB3E9C31B7A1BD /* Products */,
			);
			name = TestQtCppLib;
			sourceTree = "<Group>";
		};
		FE0A091FDBFB3E9C31B7A1BD /* Products */ = {
			isa = PBXGroup;
			children = (
				ECB65F9CFB800084DE3BACE2 /* TestQtCppLib.app */,
			);
			name = Products;
			sourceTree = "<Group>";
		};
/* End PBXGroup section */

/* Begin PBXNativeTarget section */
		88C0764E9C10035D5A5E8839 /* TestQtCppLib */ = {
			isa = PBXNativeTarget;
			buildConfigurationList = 6CC3B5D2136C7CD6A5CF5A59 /* Build configuration list for PBXNativeTarget "TestQtCppLib" */;
			buildPhases = (
				F7E50F631C51CD5B5DC0BC43 /* Compile Sources */,
				D1C883685E82D5676953459A /* Link Binary With Libraries */,
				30414803F31797EB689AE508 /* Copy Bundle Resources */,
				EC34CD2F1AA82B720090203D /* CopyFiles */,
				EC69AB231AA82CA7003E155D /* ShellScript */,
			);
			buildRules = (
			);
			dependencies = (
				A26609A059A0EED076E9D05A /* PBXTargetDependency */,
			);
			name = TestQtCppLib;
			productName = TestQtCppLib;
			productReference = ECB65F9CFB800084DE3BACE2 /* TestQtCppLib.app */;
			productType = "com.apple.product-type.application";
		};
/* End PBXNativeTarget section */

/* Begin PBXProject section */
		6DB9C3763D02B1415CD9D565 /* Project object */ = {
			isa = PBXProject;
			attributes = {
			};
			buildConfigurationList = DAC4C1AA5EDEA1C85E9CA5E6 /* Build configuration list for PBXProject "TestQtCppLib" */;
			compatibilityVersion = "Xcode 3.2";
			developmentRegion = English;
			hasScannedForEncodings = 1;
			knownRegions = (
				en,
			);
			mainGroup = E8C543AB96796ECAA2E65C57 /* TestQtCppLib */;
			productRefGroup = FE0A091FDBFB3E9C31B7A1BD /* Products */;
			projectDirPath = "";
			projectRoot = "";
			targets = (
				88C0764E9C10035D5A5E8839 /* TestQtCppLib */,
				D42F39B5C4E9AEA8A7C43CAF /* Qt Preprocess */,
			);
		};
/* End PBXProject section */

/* Begin PBXResourcesBuildPhase section */
		30414803F31797EB689AE508 /* Copy Bundle Resources */ = {
			isa = PBXResourcesBuildPhase;
			buildActionMask = 2147483647;
			files = (
			);
			name = "Copy Bundle Resources";
			runOnlyForDeploymentPostprocessing = 0;
		};
/* End PBXResourcesBuildPhase section */

/* Begin PBXShellScriptBuildPhase section */
		5E618435888B9D49F8540165 /* Qt Qmake */ = {
			isa = PBXShellScriptBuildPhase;
			buildActionMask = 2147483647;
			files = (
			);
			name = "Qt Qmake";
			runOnlyForDeploymentPostprocessing = 0;
			shellPath = /bin/sh;
			shellScript = "make -C /Users/liuyulong/WorkSpace/TestQtCppLib -f TestQtCppLib.xcodeproj/qt_makeqmake.mak";
		};
		7EF0942E79C014DCEC8976BC /* Qt Preprocessors */ = {
			isa = PBXShellScriptBuildPhase;
			buildActionMask = 2147483647;
			files = (
			);
			name = "Qt Preprocessors";
			runOnlyForDeploymentPostprocessing = 0;
			shellPath = /bin/sh;
			shellScript = "make -C /Users/liuyulong/WorkSpace/TestQtCppLib -f TestQtCppLib.xcodeproj/qt_preprocess.mak";
		};
		EC69AB231AA82CA7003E155D /* ShellScript */ = {
			isa = PBXShellScriptBuildPhase;
			buildActionMask = 2147483647;
			files = (
			);
			inputPaths = (
			);
			outputPaths = (
			);
			runOnlyForDeploymentPostprocessing = 0;
			shellPath = /bin/sh;
			shellScript = "";
		};
/* End PBXShellScriptBuildPhase section */

/* Begin PBXSourcesBuildPhase section */
		F7E50F631C51CD5B5DC0BC43 /* Compile Sources */ = {
			isa = PBXSourcesBuildPhase;
			buildActionMask = 2147483647;
			files = (
				A34055D347003133AEE3969A /* main.cpp in Compile Sources */,
				FA9141B0977D1C53F3988B10 /* mainwindow.cpp in Compile Sources */,
				A006F513BD13D411CC29EC71 /* moc_mainwindow.cpp in Compile Sources */,
			);
			name = "Compile Sources";
			runOnlyForDeploymentPostprocessing = 0;
		};
/* End PBXSourcesBuildPhase section */

/* Begin PBXTargetDependency section */
		A26609A059A0EED076E9D05A /* PBXTargetDependency */ = {
			isa = PBXTargetDependency;
			target = D42F39B5C4E9AEA8A7C43CAF /* Qt Preprocess */;
			targetProxy = EC34CD261AA8096D0090203D /* PBXContainerItemProxy */;
		};
/* End PBXTargetDependency section */

/* Begin XCBuildConfiguration section */
		339EE1B2CC4FC24589A0EA95 /* Release */ = {
			isa = XCBuildConfiguration;
			buildSettings = {
				ARCHS = x86_64;
				CC = /Applications/Xcode.app/Contents/Developer/Toolchains/XcodeDefault.xctoolchain/usr/bin/clang;
				COPY_PHASE_STRIP = YES;
				DYLIB_COMPATIBILITY_VERSION = 1.0;
				DYLIB_CURRENT_VERSION = 1.0.0;
				FRAMEWORK_SEARCH_PATHS = (
					/Users/liuyulong/Qt5.4.1/5.4/clang_64/lib,
					/Users/liuyulong/Qt5.4.1/5.4/clang_64/lib,
				);
				GCC_GENERATE_DEBUGGING_SYMBOLS = NO;
				GCC_VERSION = com.apple.compilers.llvm.clang.1_0;
				HEADER_SEARCH_PATHS = (
					.,
					"../build-QtCPPLib-Desktop_Qt_5_4_1_clang_64bit-Debug",
					../../Qt5.4.1/5.4/clang_64/lib/QtWidgets.framework/Versions/5/Headers,
					../../Qt5.4.1/5.4/clang_64/lib/QtGui.framework/Versions/5/Headers,
					../../Qt5.4.1/5.4/clang_64/lib/QtCore.framework/Versions/5/Headers,
					.,
					/Applications/Xcode.app/Contents/Developer/Platforms/MacOSX.platform/Developer/SDKs/MacOSX10.10.sdk/System/Library/Frameworks/OpenGL.framework/Versions/A/Headers,
					/Applications/Xcode.app/Contents/Developer/Platforms/MacOSX.platform/Developer/SDKs/MacOSX10.10.sdk/System/Library/Frameworks/AGL.framework/Headers,
					.,
					"../../Qt5.4.1/5.4/clang_64/mkspecs/macx-clang",
				);
				INFOPLIST_FILE = Info.plist;
				LDPLUSPLUS = "/Applications/Xcode.app/Contents/Developer/Toolchains/XcodeDefault.xctoolchain/usr/bin/clang++";
				LIBRARY_SEARCH_PATHS = (
					"/Users/liuyulong/WorkSpace/TestQtCppLib/../build-QtCPPLib-Desktop_Qt_5_4_1_clang_64bit-Debug/",
					"/Users/liuyulong/WorkSpace/build-QtCPPLib-Desktop_Qt_5_4_1_clang_64bit-Debug/",
					/Users/liuyulong/Qt5.4.1/5.4/clang_64/lib,
					/System/Library/Frameworks/,
				);
				MACOSX_DEPLOYMENT_TARGET = 10.7;
				OTHER_CFLAGS = (
					"-pipe",
					"-O2",
					"-Wall",
					"-W",
					"-fPIE",
					"-DQT_NO_DEBUG",
					"-DQT_WIDGETS_LIB",
					"-DQT_GUI_LIB",
					"-DQT_CORE_LIB",
				);
				OTHER_CPLUSPLUSFLAGS = (
					"-pipe",
					"-O2",
					"-Wall",
					"-W",
					"-fPIE",
					"-DQT_NO_DEBUG",
					"-DQT_WIDGETS_LIB",
					"-DQT_GUI_LIB",
					"-DQT_CORE_LIB",
				);
				OTHER_LDFLAGS = (
					"-headerpad_max_install_names",
					"-Wl,-rpath,/Users/liuyulong/Qt5.4.1/5.4/clang_64/lib",
					"-F/Users/liuyulong/Qt5.4.1/5.4/clang_64/lib",
					"-L/Users/liuyulong/WorkSpace/TestQtCppLib/../build-QtCPPLib-Desktop_Qt_5_4_1_clang_64bit-Debug/",
				);
				PRODUCT_NAME = TestQtCppLib;
				QT_LIBRARY_SUFFIX = "";
				SDKROOT = macosx;
				SYMROOT = /Users/liuyulong/WorkSpace/TestQtCppLib;
			};
			name = Release;
		};
		3AA6C32AC930069E80220CF1 /* Debug */ = {
			isa = XCBuildConfiguration;
			buildSettings = {
				ARCHS = x86_64;
				CC = /Applications/Xcode.app/Contents/Developer/Toolchains/XcodeDefault.xctoolchain/usr/bin/clang;
				COPY_PHASE_STRIP = NO;
				DYLIB_COMPATIBILITY_VERSION = 1.0;
				DYLIB_CURRENT_VERSION = 1.0.0;
				FRAMEWORK_SEARCH_PATHS = (
					/Users/liuyulong/Qt5.4.1/5.4/clang_64/lib,
					/Users/liuyulong/Qt5.4.1/5.4/clang_64/lib,
				);
				GCC_GENERATE_DEBUGGING_SYMBOLS = YES;
				GCC_OPTIMIZATION_LEVEL = 0;
				GCC_VERSION = com.apple.compilers.llvm.clang.1_0;
				HEADER_SEARCH_PATHS = (
					.,
					"../build-QtCPPLib-Desktop_Qt_5_4_1_clang_64bit-Debug",
					../../Qt5.4.1/5.4/clang_64/lib/QtWidgets.framework/Versions/5/Headers,
					../../Qt5.4.1/5.4/clang_64/lib/QtGui.framework/Versions/5/Headers,
					../../Qt5.4.1/5.4/clang_64/lib/QtCore.framework/Versions/5/Headers,
					.,
					/Applications/Xcode.app/Contents/Developer/Platforms/MacOSX.platform/Developer/SDKs/MacOSX10.10.sdk/System/Library/Frameworks/OpenGL.framework/Versions/A/Headers,
					/Applications/Xcode.app/Contents/Developer/Platforms/MacOSX.platform/Developer/SDKs/MacOSX10.10.sdk/System/Library/Frameworks/AGL.framework/Headers,
					.,
					"../../Qt5.4.1/5.4/clang_64/mkspecs/macx-clang",
				);
				INFOPLIST_FILE = Info.plist;
				LDPLUSPLUS = "/Applications/Xcode.app/Contents/Developer/Toolchains/XcodeDefault.xctoolchain/usr/bin/clang++";
				LIBRARY_SEARCH_PATHS = (
					"/Users/liuyulong/WorkSpace/TestQtCppLib/../build-QtCPPLib-Desktop_Qt_5_4_1_clang_64bit-Debug/",
					"/Users/liuyulong/WorkSpace/build-QtCPPLib-Desktop_Qt_5_4_1_clang_64bit-Debug/",
					/Users/liuyulong/Qt5.4.1/5.4/clang_64/lib,
					/System/Library/Frameworks/,
				);
				MACOSX_DEPLOYMENT_TARGET = 10.7;
				OTHER_CFLAGS = (
					"-pipe",
					"-O2",
					"-Wall",
					"-W",
					"-fPIE",
					"-DQT_NO_DEBUG",
					"-DQT_WIDGETS_LIB",
					"-DQT_GUI_LIB",
					"-DQT_CORE_LIB",
				);
				OTHER_CPLUSPLUSFLAGS = (
					"-pipe",
					"-O2",
					"-Wall",
					"-W",
					"-fPIE",
					"-DQT_NO_DEBUG",
					"-DQT_WIDGETS_LIB",
					"-DQT_GUI_LIB",
					"-DQT_CORE_LIB",
				);
				OTHER_LDFLAGS = (
					"-headerpad_max_install_names",
					"-Wl,-rpath,/Users/liuyulong/Qt5.4.1/5.4/clang_64/lib",
					"-F/Users/liuyulong/Qt5.4.1/5.4/clang_64/lib",
					"-L/Users/liuyulong/WorkSpace/TestQtCppLib/../build-QtCPPLib-Desktop_Qt_5_4_1_clang_64bit-Debug/",
				);
				PRODUCT_NAME = TestQtCppLib;
				QT_LIBRARY_SUFFIX = _debug;
				SDKROOT = macosx;
				SYMROOT = /Users/liuyulong/WorkSpace/TestQtCppLib;
			};
			name = Debug;
		};
		6666AA5E688052234F6758D8 /* Release */ = {
			isa = XCBuildConfiguration;
			buildSettings = {
				COPY_PHASE_STRIP = YES;
				GCC_GENERATE_DEBUGGING_SYMBOLS = NO;
				LIBRARY_SEARCH_PATHS = (
					"$(inherited)",
					"/Users/liuyulong/WorkSpace/build-QtCPPLib-Desktop_Qt_5_4_1_clang_64bit-Debug",
					"$(PROJECT_DIR)",
				);
				PRODUCT_NAME = TestQtCppLib;
				QT_LIBRARY_SUFFIX = "";
				SDKROOT = macosx;
			};
			name = Release;
		};
		77418F46922677BB04ED38DD /* Debug */ = {
			isa = XCBuildConfiguration;
			buildSettings = {
				COPY_PHASE_STRIP = NO;
				GCC_GENERATE_DEBUGGING_SYMBOLS = YES;
				GCC_OPTIMIZATION_LEVEL = 0;
				LIBRARY_SEARCH_PATHS = (
					"$(inherited)",
					"/Users/liuyulong/WorkSpace/build-QtCPPLib-Desktop_Qt_5_4_1_clang_64bit-Debug",
					"$(PROJECT_DIR)",
				);
				PRODUCT_NAME = TestQtCppLib;
				QT_LIBRARY_SUFFIX = _debug;
				SDKROOT = macosx;
			};
			name = Debug;
		};
/* End XCBuildConfiguration section */

/* Begin XCConfigurationList section */
		6CC3B5D2136C7CD6A5CF5A59 /* Build configuration list for PBXNativeTarget "TestQtCppLib" */ = {
			isa = XCConfigurationList;
			buildConfigurations = (
				77418F46922677BB04ED38DD /* Debug */,
				6666AA5E688052234F6758D8 /* Release */,
			);
			defaultConfigurationIsVisible = 0;
			defaultConfigurationName = Release;
		};
		DAC4C1AA5EDEA1C85E9CA5E6 /* Build configuration list for PBXProject "TestQtCppLib" */ = {
			isa = XCConfigurationList;
			buildConfigurations = (
				3AA6C32AC930069E80220CF1 /* Debug */,
				339EE1B2CC4FC24589A0EA95 /* Release */,
			);
			defaultConfigurationIsVisible = 0;
			defaultConfigurationName = Release;
		};
/* End XCConfigurationList section */
	};
	rootObject = 6DB9C3763D02B1415CD9D565 /* Project object */;
}
