// !$*UTF8*$!
{
	archiveVersion = 1;
	classes = {
	};
	objectVersion = 46;
	objects = {

/* Begin PBXBuildFile section */
		3303C35C1ACE5F31009B8B87 /* AppDelegate.swift in Sources */ = {isa = PBXBuildFile; fileRef = 3303C35B1ACE5F31009B8B87 /* AppDelegate.swift */; };
		3303C35E1ACE5F31009B8B87 /* RootTableViewController.swift in Sources */ = {isa = PBXBuildFile; fileRef = 3303C35D1ACE5F31009B8B87 /* RootTableViewController.swift */; };
		3303C3611ACE5F31009B8B87 /* Main.storyboard in Resources */ = {isa = PBXBuildFile; fileRef = 3303C35F1ACE5F31009B8B87 /* Main.storyboard */; };
		3303C3631ACE5F31009B8B87 /* Images.xcassets in Resources */ = {isa = PBXBuildFile; fileRef = 3303C3621ACE5F31009B8B87 /* Images.xcassets */; };
		3303C3661ACE5F31009B8B87 /* LaunchScreen.xib in Resources */ = {isa = PBXBuildFile; fileRef = 3303C3641ACE5F31009B8B87 /* LaunchScreen.xib */; };
		3303C3721ACE5F32009B8B87 /* UITableViewControllerDemoTests.swift in Sources */ = {isa = PBXBuildFile; fileRef = 3303C3711ACE5F32009B8B87 /* UITableViewControllerDemoTests.swift */; };
		3303C37C1ACE6C22009B8B87 /* XHNewsItem.swift in Sources */ = {isa = PBXBuildFile; fileRef = 3303C37B1ACE6C22009B8B87 /* XHNewsItem.swift */; };
		3303C37E1ACE6C8B009B8B87 /* WebViewController.swift in Sources */ = {isa = PBXBuildFile; fileRef = 3303C37D1ACE6C8B009B8B87 /* WebViewController.swift */; };
/* End PBXBuildFile section */

/* Begin PBXContainerItemProxy section */
		3303C36C1ACE5F32009B8B87 /* PBXContainerItemProxy */ = {
			isa = PBXContainerItemProxy;
			containerPortal = 3303C34E1ACE5F31009B8B87 /* Project object */;
			proxyType = 1;
			remoteGlobalIDString = 3303C3551ACE5F31009B8B87;
			remoteInfo = UITableViewControllerDemo;
		};
/* End PBXContainerItemProxy section */

/* Begin PBXFileReference section */
		3303C3561ACE5F31009B8B87 /* UITableViewControllerDemo.app */ = {isa = PBXFileReference; explicitFileType = wrapper.application; includeInIndex = 0; path = UITableViewControllerDemo.app; sourceTree = BUILT_PRODUCTS_DIR; };
		3303C35A1ACE5F31009B8B87 /* Info.plist */ = {isa = PBXFileReference; lastKnownFileType = text.plist.xml; path = Info.plist; sourceTree = "<group>"; };
		3303C35B1ACE5F31009B8B87 /* AppDelegate.swift */ = {isa = PBXFileReference; lastKnownFileType = sourcecode.swift; path = AppDelegate.swift; sourceTree = "<group>"; };
		3303C35D1ACE5F31009B8B87 /* RootTableViewController.swift */ = {isa = PBXFileReference; lastKnownFileType = sourcecode.swift; path = RootTableViewController.swift; sourceTree = "<group>"; };
		3303C3601ACE5F31009B8B87 /* Base */ = {isa = PBXFileReference; lastKnownFileType = file.storyboard; name = Base; path = Base.lproj/Main.storyboard; sourceTree = "<group>"; };
		3303C3621ACE5F31009B8B87 /* Images.xcassets */ = {isa = PBXFileReference; lastKnownFileType = folder.assetcatalog; path = Images.xcassets; sourceTree = "<group>"; };
		3303C3651ACE5F31009B8B87 /* Base */ = {isa = PBXFileReference; lastKnownFileType = file.xib; name = Base; path = Base.lproj/LaunchScreen.xib; sourceTree = "<group>"; };
		3303C36B1ACE5F32009B8B87 /* UITableViewControllerDemoTests.xctest */ = {isa = PBXFileReference; explicitFileType = wrapper.cfbundle; includeInIndex = 0; path = UITableViewControllerDemoTests.xctest; sourceTree = BUILT_PRODUCTS_DIR; };
		3303C3701ACE5F32009B8B87 /* Info.plist */ = {isa = PBXFileReference; lastKnownFileType = text.plist.xml; path = Info.plist; sourceTree = "<group>"; };
		3303C3711ACE5F32009B8B87 /* UITableViewControllerDemoTests.swift */ = {isa = PBXFileReference; lastKnownFileType = sourcecode.swift; path = UITableViewControllerDemoTests.swift; sourceTree = "<group>"; };
		3303C37B1ACE6C22009B8B87 /* XHNewsItem.swift */ = {isa = PBXFileReference; fileEncoding = 4; lastKnownFileType = sourcecode.swift; path = XHNewsItem.swift; sourceTree = "<group>"; };
		3303C37D1ACE6C8B009B8B87 /* WebViewController.swift */ = {isa = PBXFileReference; fileEncoding = 4; lastKnownFileType = sourcecode.swift; path = WebViewController.swift; sourceTree = "<group>"; };
/* End PBXFileReference section */

/* Begin PBXFrameworksBuildPhase section */
		3303C3531ACE5F31009B8B87 /* Frameworks */ = {
			isa = PBXFrameworksBuildPhase;
			buildActionMask = 2147483647;
			files = (
			);
			runOnlyForDeploymentPostprocessing = 0;
		};
		3303C3681ACE5F32009B8B87 /* Frameworks */ = {
			isa = PBXFrameworksBuildPhase;
			buildActionMask = 2147483647;
			files = (
			);
			runOnlyForDeploymentPostprocessing = 0;
		};
/* End PBXFrameworksBuildPhase section */

/* Begin PBXGroup section */
		3303C34D1ACE5F31009B8B87 = {
			isa = PBXGroup;
			children = (
				3303C3581ACE5F31009B8B87 /* UITableViewControllerDemo */,
				3303C36E1ACE5F32009B8B87 /* UITableViewControllerDemoTests */,
				3303C3571ACE5F31009B8B87 /* Products */,
			);
			sourceTree = "<group>";
		};
		3303C3571ACE5F31009B8B87 /* Products */ = {
			isa = PBXGroup;
			children = (
				3303C3561ACE5F31009B8B87 /* UITableViewControllerDemo.app */,
				3303C36B1ACE5F32009B8B87 /* UITableViewControllerDemoTests.xctest */,
			);
			name = Products;
			sourceTree = "<group>";
		};
		3303C3581ACE5F31009B8B87 /* UITableViewControllerDemo */ = {
			isa = PBXGroup;
			children = (
				3303C35B1ACE5F31009B8B87 /* AppDelegate.swift */,
				3303C35D1ACE5F31009B8B87 /* RootTableViewController.swift */,
				3303C35F1ACE5F31009B8B87 /* Main.storyboard */,
				3303C37B1ACE6C22009B8B87 /* XHNewsItem.swift */,
				3303C37D1ACE6C8B009B8B87 /* WebViewController.swift */,
				3303C3621ACE5F31009B8B87 /* Images.xcassets */,
				3303C3641ACE5F31009B8B87 /* LaunchScreen.xib */,
				3303C3591ACE5F31009B8B87 /* Supporting Files */,
			);
			path = UITableViewControllerDemo;
			sourceTree = "<group>";
		};
		3303C3591ACE5F31009B8B87 /* Supporting Files */ = {
			isa = PBXGroup;
			children = (
				3303C35A1ACE5F31009B8B87 /* Info.plist */,
			);
			name = "Supporting Files";
			sourceTree = "<group>";
		};
		3303C36E1ACE5F32009B8B87 /* UITableViewControllerDemoTests */ = {
			isa = PBXGroup;
			children = (
				3303C3711ACE5F32009B8B87 /* UITableViewControllerDemoTests.swift */,
				3303C36F1ACE5F32009B8B87 /* Supporting Files */,
			);
			path = UITableViewControllerDemoTests;
			sourceTree = "<group>";
		};
		3303C36F1ACE5F32009B8B87 /* Supporting Files */ = {
			isa = PBXGroup;
			children = (
				3303C3701ACE5F32009B8B87 /* Info.plist */,
			);
			name = "Supporting Files";
			sourceTree = "<group>";
		};
/* End PBXGroup section */

/* Begin PBXNativeTarget section */
		3303C3551ACE5F31009B8B87 /* UITableViewControllerDemo */ = {
			isa = PBXNativeTarget;
			buildConfigurationList = 3303C3751ACE5F32009B8B87 /* Build configuration list for PBXNativeTarget "UITableViewControllerDemo" */;
			buildPhases = (
				3303C3521ACE5F31009B8B87 /* Sources */,
				3303C3531ACE5F31009B8B87 /* Frameworks */,
				3303C3541ACE5F31009B8B87 /* Resources */,
			);
			buildRules = (
			);
			dependencies = (
			);
			name = UITableViewControllerDemo;
			productName = UITableViewControllerDemo;
			productReference = 3303C3561ACE5F31009B8B87 /* UITableViewControllerDemo.app */;
			productType = "com.apple.product-type.application";
		};
		3303C36A1ACE5F32009B8B87 /* UITableViewControllerDemoTests */ = {
			isa = PBXNativeTarget;
			buildConfigurationList = 3303C3781ACE5F32009B8B87 /* Build configuration list for PBXNativeTarget "UITableViewControllerDemoTests" */;
			buildPhases = (
				3303C3671ACE5F32009B8B87 /* Sources */,
				3303C3681ACE5F32009B8B87 /* Frameworks */,
				3303C3691ACE5F32009B8B87 /* Resources */,
			);
			buildRules = (
			);
			dependencies = (
				3303C36D1ACE5F32009B8B87 /* PBXTargetDependency */,
			);
			name = UITableViewControllerDemoTests;
			productName = UITableViewControllerDemoTests;
			productReference = 3303C36B1ACE5F32009B8B87 /* UITableViewControllerDemoTests.xctest */;
			productType = "com.apple.product-type.bundle.unit-test";
		};
/* End PBXNativeTarget section */

/* Begin PBXProject section */
		3303C34E1ACE5F31009B8B87 /* Project object */ = {
			isa = PBXProject;
			attributes = {
				LastUpgradeCheck = 0610;
				ORGANIZATIONNAME = LiuScott;
				TargetAttributes = {
					3303C3551ACE5F31009B8B87 = {
						CreatedOnToolsVersion = 6.1.1;
					};
					3303C36A1ACE5F32009B8B87 = {
						CreatedOnToolsVersion = 6.1.1;
						TestTargetID = 3303C3551ACE5F31009B8B87;
					};
				};
			};
			buildConfigurationList = 3303C3511ACE5F31009B8B87 /* Build configuration list for PBXProject "UITableViewControllerDemo" */;
			compatibilityVersion = "Xcode 3.2";
			developmentRegion = English;
			hasScannedForEncodings = 0;
			knownRegions = (
				en,
				Base,
			);
			mainGroup = 3303C34D1ACE5F31009B8B87;
			productRefGroup = 3303C3571ACE5F31009B8B87 /* Products */;
			projectDirPath = "";
			projectRoot = "";
			targets = (
				3303C3551ACE5F31009B8B87 /* UITableViewControllerDemo */,
				3303C36A1ACE5F32009B8B87 /* UITableViewControllerDemoTests */,
			);
		};
/* End PBXProject section */

/* Begin PBXResourcesBuildPhase section */
		3303C3541ACE5F31009B8B87 /* Resources */ = {
			isa = PBXResourcesBuildPhase;
			buildActionMask = 2147483647;
			files = (
				3303C3611ACE5F31009B8B87 /* Main.storyboard in Resources */,
				3303C3661ACE5F31009B8B87 /* LaunchScreen.xib in Resources */,
				3303C3631ACE5F31009B8B87 /* Images.xcassets in Resources */,
			);
			runOnlyForDeploymentPostprocessing = 0;
		};
		3303C3691ACE5F32009B8B87 /* Resources */ = {
			isa = PBXResourcesBuildPhase;
			buildActionMask = 2147483647;
			files = (
			);
			runOnlyForDeploymentPostprocessing = 0;
		};
/* End PBXResourcesBuildPhase section */

/* Begin PBXSourcesBuildPhase section */
		3303C3521ACE5F31009B8B87 /* Sources */ = {
			isa = PBXSourcesBuildPhase;
			buildActionMask = 2147483647;
			files = (
				3303C35E1ACE5F31009B8B87 /* RootTableViewController.swift in Sources */,
				3303C35C1ACE5F31009B8B87 /* AppDelegate.swift in Sources */,
				3303C37C1ACE6C22009B8B87 /* XHNewsItem.swift in Sources */,
				3303C37E1ACE6C8B009B8B87 /* WebViewController.swift in Sources */,
			);
			runOnlyForDeploymentPostprocessing = 0;
		};
		3303C3671ACE5F32009B8B87 /* Sources */ = {
			isa = PBXSourcesBuildPhase;
			buildActionMask = 2147483647;
			files = (
				3303C3721ACE5F32009B8B87 /* UITableViewControllerDemoTests.swift in Sources */,
			);
			runOnlyForDeploymentPostprocessing = 0;
		};
/* End PBXSourcesBuildPhase section */

/* Begin PBXTargetDependency section */
		3303C36D1ACE5F32009B8B87 /* PBXTargetDependency */ = {
			isa = PBXTargetDependency;
			target = 3303C3551ACE5F31009B8B87 /* UITableViewControllerDemo */;
			targetProxy = 3303C36C1ACE5F32009B8B87 /* PBXContainerItemProxy */;
		};
/* End PBXTargetDependency section */

/* Begin PBXVariantGroup section */
		3303C35F1ACE5F31009B8B87 /* Main.storyboard */ = {
			isa = PBXVariantGroup;
			children = (
				3303C3601ACE5F31009B8B87 /* Base */,
			);
			name = Main.storyboard;
			sourceTree = "<group>";
		};
		3303C3641ACE5F31009B8B87 /* LaunchScreen.xib */ = {
			isa = PBXVariantGroup;
			children = (
				3303C3651ACE5F31009B8B87 /* Base */,
			);
			name = LaunchScreen.xib;
			sourceTree = "<group>";
		};
/* End PBXVariantGroup section */

/* Begin XCBuildConfiguration section */
		3303C3731ACE5F32009B8B87 /* Debug */ = {
			isa = XCBuildConfiguration;
			buildSettings = {
				ALWAYS_SEARCH_USER_PATHS = NO;
				CLANG_CXX_LANGUAGE_STANDARD = "gnu++0x";
				CLANG_CXX_LIBRARY = "libc++";
				CLANG_ENABLE_MODULES = YES;
				CLANG_ENABLE_OBJC_ARC = YES;
				CLANG_WARN_BOOL_CONVERSION = YES;
				CLANG_WARN_CONSTANT_CONVERSION = YES;
				CLANG_WARN_DIRECT_OBJC_ISA_USAGE = YES_ERROR;
				CLANG_WARN_EMPTY_BODY = YES;
				CLANG_WARN_ENUM_CONVERSION = YES;
				CLANG_WARN_INT_CONVERSION = YES;
				CLANG_WARN_OBJC_ROOT_CLASS = YES_ERROR;
				CLANG_WARN_UNREACHABLE_CODE = YES;
				CLANG_WARN__DUPLICATE_METHOD_MATCH = YES;
				"CODE_SIGN_IDENTITY[sdk=iphoneos*]" = "iPhone Developer";
				COPY_PHASE_STRIP = NO;
				ENABLE_STRICT_OBJC_MSGSEND = YES;
				GCC_C_LANGUAGE_STANDARD = gnu99;
				GCC_DYNAMIC_NO_PIC = NO;
				GCC_OPTIMIZATION_LEVEL = 0;
				GCC_PREPROCESSOR_DEFINITIONS = (
					"DEBUG=1",
					"$(inherited)",
				);
				GCC_SYMBOLS_PRIVATE_EXTERN = NO;
				GCC_WARN_64_TO_32_BIT_CONVERSION = YES;
				GCC_WARN_ABOUT_RETURN_TYPE = YES_ERROR;
				GCC_WARN_UNDECLARED_SELECTOR = YES;
				GCC_WARN_UNINITIALIZED_AUTOS = YES_AGGRESSIVE;
				GCC_WARN_UNUSED_FUNCTION = YES;
				GCC_WARN_UNUSED_VARIABLE = YES;
				IPHONEOS_DEPLOYMENT_TARGET = 8.1;
				MTL_ENABLE_DEBUG_INFO = YES;
				ONLY_ACTIVE_ARCH = YES;
				SDKROOT = iphoneos;
				SWIFT_OPTIMIZATION_LEVEL = "-Onone";
				TARGETED_DEVICE_FAMILY = "1,2";
			};
			name = Debug;
		};
		3303C3741ACE5F32009B8B87 /* Release */ = {
			isa = XCBuildConfiguration;
			buildSettings = {
				ALWAYS_SEARCH_USER_PATHS = NO;
				CLANG_CXX_LANGUAGE_STANDARD = "gnu++0x";
				CLANG_CXX_LIBRARY = "libc++";
				CLANG_ENABLE_MODULES = YES;
				CLANG_ENABLE_OBJC_ARC = YES;
				CLANG_WARN_BOOL_CONVERSION = YES;
				CLANG_WARN_CONSTANT_CONVERSION = YES;
				CLANG_WARN_DIRECT_OBJC_ISA_USAGE = YES_ERROR;
				CLANG_WARN_EMPTY_BODY = YES;
				CLANG_WARN_ENUM_CONVERSION = YES;
				CLANG_WARN_INT_CONVERSION = YES;
				CLANG_WARN_OBJC_ROOT_CLASS = YES_ERROR;
				CLANG_WARN_UNREACHABLE_CODE = YES;
				CLANG_WARN__DUPLICATE_METHOD_MATCH = YES;
				"CODE_SIGN_IDENTITY[sdk=iphoneos*]" = "iPhone Developer";
				COPY_PHASE_STRIP = YES;
				ENABLE_NS_ASSERTIONS = NO;
				ENABLE_STRICT_OBJC_MSGSEND = YES;
				GCC_C_LANGUAGE_STANDARD = gnu99;
				GCC_WARN_64_TO_32_BIT_CONVERSION = YES;
				GCC_WARN_ABOUT_RETURN_TYPE = YES_ERROR;
				GCC_WARN_UNDECLARED_SELECTOR = YES;
				GCC_WARN_UNINITIALIZED_AUTOS = YES_AGGRESSIVE;
				GCC_WARN_UNUSED_FUNCTION = YES;
				GCC_WARN_UNUSED_VARIABLE = YES;
				IPHONEOS_DEPLOYMENT_TARGET = 8.1;
				MTL_ENABLE_DEBUG_INFO = NO;
				SDKROOT = iphoneos;
				TARGETED_DEVICE_FAMILY = "1,2";
				VALIDATE_PRODUCT = YES;
			};
			name = Release;
		};
		3303C3761ACE5F32009B8B87 /* Debug */ = {
			isa = XCBuildConfiguration;
			buildSettings = {
				ASSETCATALOG_COMPILER_APPICON_NAME = AppIcon;
				INFOPLIST_FILE = UITableViewControllerDemo/Info.plist;
				LD_RUNPATH_SEARCH_PATHS = "$(inherited) @executable_path/Frameworks";
				PRODUCT_NAME = "$(TARGET_NAME)";
			};
			name = Debug;
		};
		3303C3771ACE5F32009B8B87 /* Release */ = {
			isa = XCBuildConfiguration;
			buildSettings = {
				ASSETCATALOG_COMPILER_APPICON_NAME = AppIcon;
				INFOPLIST_FILE = UITableViewControllerDemo/Info.plist;
				LD_RUNPATH_SEARCH_PATHS = "$(inherited) @executable_path/Frameworks";
				PRODUCT_NAME = "$(TARGET_NAME)";
			};
			name = Release;
		};
		3303C3791ACE5F32009B8B87 /* Debug */ = {
			isa = XCBuildConfiguration;
			buildSettings = {
				BUNDLE_LOADER = "$(TEST_HOST)";
				FRAMEWORK_SEARCH_PATHS = (
					"$(SDKROOT)/Developer/Library/Frameworks",
					"$(inherited)",
				);
				GCC_PREPROCESSOR_DEFINITIONS = (
					"DEBUG=1",
					"$(inherited)",
				);
				INFOPLIST_FILE = UITableViewControllerDemoTests/Info.plist;
				LD_RUNPATH_SEARCH_PATHS = "$(inherited) @executable_path/Frameworks @loader_path/Frameworks";
				PRODUCT_NAME = "$(TARGET_NAME)";
				TEST_HOST = "$(BUILT_PRODUCTS_DIR)/UITableViewControllerDemo.app/UITableViewControllerDemo";
			};
			name = Debug;
		};
		3303C37A1ACE5F32009B8B87 /* Release */ = {
			isa = XCBuildConfiguration;
			buildSettings = {
				BUNDLE_LOADER = "$(TEST_HOST)";
				FRAMEWORK_SEARCH_PATHS = (
					"$(SDKROOT)/Developer/Library/Frameworks",
					"$(inherited)",
				);
				INFOPLIST_FILE = UITableViewControllerDemoTests/Info.plist;
				LD_RUNPATH_SEARCH_PATHS = "$(inherited) @executable_path/Frameworks @loader_path/Frameworks";
				PRODUCT_NAME = "$(TARGET_NAME)";
				TEST_HOST = "$(BUILT_PRODUCTS_DIR)/UITableViewControllerDemo.app/UITableViewControllerDemo";
			};
			name = Release;
		};
/* End XCBuildConfiguration section */

/* Begin XCConfigurationList section */
		3303C3511ACE5F31009B8B87 /* Build configuration list for PBXProject "UITableViewControllerDemo" */ = {
			isa = XCConfigurationList;
			buildConfigurations = (
				3303C3731ACE5F32009B8B87 /* Debug */,
				3303C3741ACE5F32009B8B87 /* Release */,
			);
			defaultConfigurationIsVisible = 0;
			defaultConfigurationName = Release;
		};
		3303C3751ACE5F32009B8B87 /* Build configuration list for PBXNativeTarget "UITableViewControllerDemo" */ = {
			isa = XCConfigurationList;
			buildConfigurations = (
				3303C3761ACE5F32009B8B87 /* Debug */,
				3303C3771ACE5F32009B8B87 /* Release */,
			);
			defaultConfigurationIsVisible = 0;
		};
		3303C3781ACE5F32009B8B87 /* Build configuration list for PBXNativeTarget "UITableViewControllerDemoTests" */ = {
			isa = XCConfigurationList;
			buildConfigurations = (
				3303C3791ACE5F32009B8B87 /* Debug */,
				3303C37A1ACE5F32009B8B87 /* Release */,
			);
			defaultConfigurationIsVisible = 0;
		};
/* End XCConfigurationList section */
	};
	rootObject = 3303C34E1ACE5F31009B8B87 /* Project object */;
}
