// !$*UTF8*$!
{
	archiveVersion = 1;
	classes = {
	};
	objectVersion = 46;
	objects = {

/* Begin PBXBuildFile section */
		33FF30C91ABA693000EBB57A /* main.m in Sources */ = {isa = PBXBuildFile; fileRef = 33FF30C81ABA693000EBB57A /* main.m */; };
		33FF30CC1ABA693000EBB57A /* AppDelegate.m in Sources */ = {isa = PBXBuildFile; fileRef = 33FF30CB1ABA693000EBB57A /* AppDelegate.m */; };
		33FF30CF1ABA693000EBB57A /* ViewController.m in Sources */ = {isa = PBXBuildFile; fileRef = 33FF30CE1ABA693000EBB57A /* ViewController.m */; };
		33FF30D21ABA693000EBB57A /* Main.storyboard in Resources */ = {isa = PBXBuildFile; fileRef = 33FF30D01ABA693000EBB57A /* Main.storyboard */; };
		33FF30D41ABA693000EBB57A /* Images.xcassets in Resources */ = {isa = PBXBuildFile; fileRef = 33FF30D31ABA693000EBB57A /* Images.xcassets */; };
		33FF30D71ABA693000EBB57A /* LaunchScreen.xib in Resources */ = {isa = PBXBuildFile; fileRef = 33FF30D51ABA693000EBB57A /* LaunchScreen.xib */; };
		33FF30E31ABA693000EBB57A /* ToDoListTests.m in Sources */ = {isa = PBXBuildFile; fileRef = 33FF30E21ABA693000EBB57A /* ToDoListTests.m */; };
		33FF30F11ABA767500EBB57A /* ToDoListTableViewController.m in Sources */ = {isa = PBXBuildFile; fileRef = 33FF30F01ABA767500EBB57A /* ToDoListTableViewController.m */; };
		33FF30F41ABAA5F900EBB57A /* ToDoItem.m in Sources */ = {isa = PBXBuildFile; fileRef = 33FF30F31ABAA5F900EBB57A /* ToDoItem.m */; };
		33FF30F61ABAD75500EBB57A /* camera.png in Resources */ = {isa = PBXBuildFile; fileRef = 33FF30F51ABAD75500EBB57A /* camera.png */; };
		33FF30F91ABAE94D00EBB57A /* AddToDoItemViewController.m in Sources */ = {isa = PBXBuildFile; fileRef = 33FF30F81ABAE94D00EBB57A /* AddToDoItemViewController.m */; };
/* End PBXBuildFile section */

/* Begin PBXContainerItemProxy section */
		33FF30DD1ABA693000EBB57A /* PBXContainerItemProxy */ = {
			isa = PBXContainerItemProxy;
			containerPortal = 33FF30BB1ABA693000EBB57A /* Project object */;
			proxyType = 1;
			remoteGlobalIDString = 33FF30C21ABA693000EBB57A;
			remoteInfo = ToDoList;
		};
/* End PBXContainerItemProxy section */

/* Begin PBXFileReference section */
		33FF30C31ABA693000EBB57A /* ToDoList.app */ = {isa = PBXFileReference; explicitFileType = wrapper.application; includeInIndex = 0; path = ToDoList.app; sourceTree = BUILT_PRODUCTS_DIR; };
		33FF30C71ABA693000EBB57A /* Info.plist */ = {isa = PBXFileReference; lastKnownFileType = text.plist.xml; path = Info.plist; sourceTree = "<group>"; };
		33FF30C81ABA693000EBB57A /* main.m */ = {isa = PBXFileReference; lastKnownFileType = sourcecode.c.objc; path = main.m; sourceTree = "<group>"; };
		33FF30CA1ABA693000EBB57A /* AppDelegate.h */ = {isa = PBXFileReference; lastKnownFileType = sourcecode.c.h; path = AppDelegate.h; sourceTree = "<group>"; };
		33FF30CB1ABA693000EBB57A /* AppDelegate.m */ = {isa = PBXFileReference; lastKnownFileType = sourcecode.c.objc; path = AppDelegate.m; sourceTree = "<group>"; };
		33FF30CD1ABA693000EBB57A /* ViewController.h */ = {isa = PBXFileReference; lastKnownFileType = sourcecode.c.h; path = ViewController.h; sourceTree = "<group>"; };
		33FF30CE1ABA693000EBB57A /* ViewController.m */ = {isa = PBXFileReference; lastKnownFileType = sourcecode.c.objc; path = ViewController.m; sourceTree = "<group>"; };
		33FF30D11ABA693000EBB57A /* Base */ = {isa = PBXFileReference; lastKnownFileType = file.storyboard; name = Base; path = Base.lproj/Main.storyboard; sourceTree = "<group>"; };
		33FF30D31ABA693000EBB57A /* Images.xcassets */ = {isa = PBXFileReference; lastKnownFileType = folder.assetcatalog; path = Images.xcassets; sourceTree = "<group>"; };
		33FF30D61ABA693000EBB57A /* Base */ = {isa = PBXFileReference; lastKnownFileType = file.xib; name = Base; path = Base.lproj/LaunchScreen.xib; sourceTree = "<group>"; };
		33FF30DC1ABA693000EBB57A /* ToDoListTests.xctest */ = {isa = PBXFileReference; explicitFileType = wrapper.cfbundle; includeInIndex = 0; path = ToDoListTests.xctest; sourceTree = BUILT_PRODUCTS_DIR; };
		33FF30E11ABA693000EBB57A /* Info.plist */ = {isa = PBXFileReference; lastKnownFileType = text.plist.xml; path = Info.plist; sourceTree = "<group>"; };
		33FF30E21ABA693000EBB57A /* ToDoListTests.m */ = {isa = PBXFileReference; lastKnownFileType = sourcecode.c.objc; path = ToDoListTests.m; sourceTree = "<group>"; };
		33FF30EF1ABA767500EBB57A /* ToDoListTableViewController.h */ = {isa = PBXFileReference; fileEncoding = 4; lastKnownFileType = sourcecode.c.h; path = ToDoListTableViewController.h; sourceTree = "<group>"; };
		33FF30F01ABA767500EBB57A /* ToDoListTableViewController.m */ = {isa = PBXFileReference; fileEncoding = 4; lastKnownFileType = sourcecode.c.objc; path = ToDoListTableViewController.m; sourceTree = "<group>"; };
		33FF30F21ABAA5F900EBB57A /* ToDoItem.h */ = {isa = PBXFileReference; fileEncoding = 4; lastKnownFileType = sourcecode.c.h; path = ToDoItem.h; sourceTree = "<group>"; };
		33FF30F31ABAA5F900EBB57A /* ToDoItem.m */ = {isa = PBXFileReference; fileEncoding = 4; lastKnownFileType = sourcecode.c.objc; path = ToDoItem.m; sourceTree = "<group>"; };
		33FF30F51ABAD75500EBB57A /* camera.png */ = {isa = PBXFileReference; lastKnownFileType = image.png; path = camera.png; sourceTree = "<group>"; };
		33FF30F71ABAE94D00EBB57A /* AddToDoItemViewController.h */ = {isa = PBXFileReference; fileEncoding = 4; lastKnownFileType = sourcecode.c.h; path = AddToDoItemViewController.h; sourceTree = "<group>"; };
		33FF30F81ABAE94D00EBB57A /* AddToDoItemViewController.m */ = {isa = PBXFileReference; fileEncoding = 4; lastKnownFileType = sourcecode.c.objc; path = AddToDoItemViewController.m; sourceTree = "<group>"; };
/* End PBXFileReference section */

/* Begin PBXFrameworksBuildPhase section */
		33FF30C01ABA693000EBB57A /* Frameworks */ = {
			isa = PBXFrameworksBuildPhase;
			buildActionMask = 2147483647;
			files = (
			);
			runOnlyForDeploymentPostprocessing = 0;
		};
		33FF30D91ABA693000EBB57A /* Frameworks */ = {
			isa = PBXFrameworksBuildPhase;
			buildActionMask = 2147483647;
			files = (
			);
			runOnlyForDeploymentPostprocessing = 0;
		};
/* End PBXFrameworksBuildPhase section */

/* Begin PBXGroup section */
		33FF30BA1ABA693000EBB57A = {
			isa = PBXGroup;
			children = (
				33FF30C51ABA693000EBB57A /* ToDoList */,
				33FF30DF1ABA693000EBB57A /* ToDoListTests */,
				33FF30C41ABA693000EBB57A /* Products */,
			);
			sourceTree = "<group>";
		};
		33FF30C41ABA693000EBB57A /* Products */ = {
			isa = PBXGroup;
			children = (
				33FF30C31ABA693000EBB57A /* ToDoList.app */,
				33FF30DC1ABA693000EBB57A /* ToDoListTests.xctest */,
			);
			name = Products;
			sourceTree = "<group>";
		};
		33FF30C51ABA693000EBB57A /* ToDoList */ = {
			isa = PBXGroup;
			children = (
				33FF30F71ABAE94D00EBB57A /* AddToDoItemViewController.h */,
				33FF30F81ABAE94D00EBB57A /* AddToDoItemViewController.m */,
				33FF30F51ABAD75500EBB57A /* camera.png */,
				33FF30CA1ABA693000EBB57A /* AppDelegate.h */,
				33FF30CB1ABA693000EBB57A /* AppDelegate.m */,
				33FF30CD1ABA693000EBB57A /* ViewController.h */,
				33FF30CE1ABA693000EBB57A /* ViewController.m */,
				33FF30D01ABA693000EBB57A /* Main.storyboard */,
				33FF30F21ABAA5F900EBB57A /* ToDoItem.h */,
				33FF30F31ABAA5F900EBB57A /* ToDoItem.m */,
				33FF30EF1ABA767500EBB57A /* ToDoListTableViewController.h */,
				33FF30F01ABA767500EBB57A /* ToDoListTableViewController.m */,
				33FF30D31ABA693000EBB57A /* Images.xcassets */,
				33FF30D51ABA693000EBB57A /* LaunchScreen.xib */,
				33FF30C61ABA693000EBB57A /* Supporting Files */,
			);
			path = ToDoList;
			sourceTree = "<group>";
		};
		33FF30C61ABA693000EBB57A /* Supporting Files */ = {
			isa = PBXGroup;
			children = (
				33FF30C71ABA693000EBB57A /* Info.plist */,
				33FF30C81ABA693000EBB57A /* main.m */,
			);
			name = "Supporting Files";
			sourceTree = "<group>";
		};
		33FF30DF1ABA693000EBB57A /* ToDoListTests */ = {
			isa = PBXGroup;
			children = (
				33FF30E21ABA693000EBB57A /* ToDoListTests.m */,
				33FF30E01ABA693000EBB57A /* Supporting Files */,
			);
			path = ToDoListTests;
			sourceTree = "<group>";
		};
		33FF30E01ABA693000EBB57A /* Supporting Files */ = {
			isa = PBXGroup;
			children = (
				33FF30E11ABA693000EBB57A /* Info.plist */,
			);
			name = "Supporting Files";
			sourceTree = "<group>";
		};
/* End PBXGroup section */

/* Begin PBXNativeTarget section */
		33FF30C21ABA693000EBB57A /* ToDoList */ = {
			isa = PBXNativeTarget;
			buildConfigurationList = 33FF30E61ABA693000EBB57A /* Build configuration list for PBXNativeTarget "ToDoList" */;
			buildPhases = (
				33FF30BF1ABA693000EBB57A /* Sources */,
				33FF30C01ABA693000EBB57A /* Frameworks */,
				33FF30C11ABA693000EBB57A /* Resources */,
			);
			buildRules = (
			);
			dependencies = (
			);
			name = ToDoList;
			productName = ToDoList;
			productReference = 33FF30C31ABA693000EBB57A /* ToDoList.app */;
			productType = "com.apple.product-type.application";
		};
		33FF30DB1ABA693000EBB57A /* ToDoListTests */ = {
			isa = PBXNativeTarget;
			buildConfigurationList = 33FF30E91ABA693000EBB57A /* Build configuration list for PBXNativeTarget "ToDoListTests" */;
			buildPhases = (
				33FF30D81ABA693000EBB57A /* Sources */,
				33FF30D91ABA693000EBB57A /* Frameworks */,
				33FF30DA1ABA693000EBB57A /* Resources */,
			);
			buildRules = (
			);
			dependencies = (
				33FF30DE1ABA693000EBB57A /* PBXTargetDependency */,
			);
			name = ToDoListTests;
			productName = ToDoListTests;
			productReference = 33FF30DC1ABA693000EBB57A /* ToDoListTests.xctest */;
			productType = "com.apple.product-type.bundle.unit-test";
		};
/* End PBXNativeTarget section */

/* Begin PBXProject section */
		33FF30BB1ABA693000EBB57A /* Project object */ = {
			isa = PBXProject;
			attributes = {
				LastUpgradeCheck = 0610;
				ORGANIZATIONNAME = LiuScott;
				TargetAttributes = {
					33FF30C21ABA693000EBB57A = {
						CreatedOnToolsVersion = 6.1.1;
					};
					33FF30DB1ABA693000EBB57A = {
						CreatedOnToolsVersion = 6.1.1;
						TestTargetID = 33FF30C21ABA693000EBB57A;
					};
				};
			};
			buildConfigurationList = 33FF30BE1ABA693000EBB57A /* Build configuration list for PBXProject "ToDoList" */;
			compatibilityVersion = "Xcode 3.2";
			developmentRegion = English;
			hasScannedForEncodings = 0;
			knownRegions = (
				en,
				Base,
			);
			mainGroup = 33FF30BA1ABA693000EBB57A;
			productRefGroup = 33FF30C41ABA693000EBB57A /* Products */;
			projectDirPath = "";
			projectRoot = "";
			targets = (
				33FF30C21ABA693000EBB57A /* ToDoList */,
				33FF30DB1ABA693000EBB57A /* ToDoListTests */,
			);
		};
/* End PBXProject section */

/* Begin PBXResourcesBuildPhase section */
		33FF30C11ABA693000EBB57A /* Resources */ = {
			isa = PBXResourcesBuildPhase;
			buildActionMask = 2147483647;
			files = (
				33FF30D21ABA693000EBB57A /* Main.storyboard in Resources */,
				33FF30D71ABA693000EBB57A /* LaunchScreen.xib in Resources */,
				33FF30F61ABAD75500EBB57A /* camera.png in Resources */,
				33FF30D41ABA693000EBB57A /* Images.xcassets in Resources */,
			);
			runOnlyForDeploymentPostprocessing = 0;
		};
		33FF30DA1ABA693000EBB57A /* Resources */ = {
			isa = PBXResourcesBuildPhase;
			buildActionMask = 2147483647;
			files = (
			);
			runOnlyForDeploymentPostprocessing = 0;
		};
/* End PBXResourcesBuildPhase section */

/* Begin PBXSourcesBuildPhase section */
		33FF30BF1ABA693000EBB57A /* Sources */ = {
			isa = PBXSourcesBuildPhase;
			buildActionMask = 2147483647;
			files = (
				33FF30F41ABAA5F900EBB57A /* ToDoItem.m in Sources */,
				33FF30CF1ABA693000EBB57A /* ViewController.m in Sources */,
				33FF30CC1ABA693000EBB57A /* AppDelegate.m in Sources */,
				33FF30C91ABA693000EBB57A /* main.m in Sources */,
				33FF30F11ABA767500EBB57A /* ToDoListTableViewController.m in Sources */,
				33FF30F91ABAE94D00EBB57A /* AddToDoItemViewController.m in Sources */,
			);
			runOnlyForDeploymentPostprocessing = 0;
		};
		33FF30D81ABA693000EBB57A /* Sources */ = {
			isa = PBXSourcesBuildPhase;
			buildActionMask = 2147483647;
			files = (
				33FF30E31ABA693000EBB57A /* ToDoListTests.m in Sources */,
			);
			runOnlyForDeploymentPostprocessing = 0;
		};
/* End PBXSourcesBuildPhase section */

/* Begin PBXTargetDependency section */
		33FF30DE1ABA693000EBB57A /* PBXTargetDependency */ = {
			isa = PBXTargetDependency;
			target = 33FF30C21ABA693000EBB57A /* ToDoList */;
			targetProxy = 33FF30DD1ABA693000EBB57A /* PBXContainerItemProxy */;
		};
/* End PBXTargetDependency section */

/* Begin PBXVariantGroup section */
		33FF30D01ABA693000EBB57A /* Main.storyboard */ = {
			isa = PBXVariantGroup;
			children = (
				33FF30D11ABA693000EBB57A /* Base */,
			);
			name = Main.storyboard;
			sourceTree = "<group>";
		};
		33FF30D51ABA693000EBB57A /* LaunchScreen.xib */ = {
			isa = PBXVariantGroup;
			children = (
				33FF30D61ABA693000EBB57A /* Base */,
			);
			name = LaunchScreen.xib;
			sourceTree = "<group>";
		};
/* End PBXVariantGroup section */

/* Begin XCBuildConfiguration section */
		33FF30E41ABA693000EBB57A /* Debug */ = {
			isa = XCBuildConfiguration;
			buildSettings = {
				ALWAYS_SEARCH_USER_PATHS = NO;
				CLANG_CXX_LANGUAGE_STANDARD = "gnu++0x";
				CLANG_CXX_LIBRARY = "libc++";
				CLANG_ENABLE_MODULES = YES;
				CLANG_ENABLE_OBJC_ARC = YES;
				CLANG_WARN_BOOL_CONVERSION = YES;
				CLANG_WARN_CONSTANT_CONVERSION = YES;
				CLANG_WARN_DIRECT_OBJC_ISA_USAGE = YES_ERROR;
				CLANG_WARN_EMPTY_BODY = YES;
				CLANG_WARN_ENUM_CONVERSION = YES;
				CLANG_WARN_INT_CONVERSION = YES;
				CLANG_WARN_OBJC_ROOT_CLASS = YES_ERROR;
				CLANG_WARN_UNREACHABLE_CODE = YES;
				CLANG_WARN__DUPLICATE_METHOD_MATCH = YES;
				"CODE_SIGN_IDENTITY[sdk=iphoneos*]" = "iPhone Developer";
				COPY_PHASE_STRIP = NO;
				ENABLE_STRICT_OBJC_MSGSEND = YES;
				GCC_C_LANGUAGE_STANDARD = gnu99;
				GCC_DYNAMIC_NO_PIC = NO;
				GCC_OPTIMIZATION_LEVEL = 0;
				GCC_PREPROCESSOR_DEFINITIONS = (
					"DEBUG=1",
					"$(inherited)",
				);
				GCC_SYMBOLS_PRIVATE_EXTERN = NO;
				GCC_WARN_64_TO_32_BIT_CONVERSION = YES;
				GCC_WARN_ABOUT_RETURN_TYPE = YES_ERROR;
				GCC_WARN_UNDECLARED_SELECTOR = YES;
				GCC_WARN_UNINITIALIZED_AUTOS = YES_AGGRESSIVE;
				GCC_WARN_UNUSED_FUNCTION = YES;
				GCC_WARN_UNUSED_VARIABLE = YES;
				IPHONEOS_DEPLOYMENT_TARGET = 8.1;
				MTL_ENABLE_DEBUG_INFO = YES;
				ONLY_ACTIVE_ARCH = YES;
				SDKROOT = iphoneos;
				TARGETED_DEVICE_FAMILY = "1,2";
			};
			name = Debug;
		};
		33FF30E51ABA693000EBB57A /* Release */ = {
			isa = XCBuildConfiguration;
			buildSettings = {
				ALWAYS_SEARCH_USER_PATHS = NO;
				CLANG_CXX_LANGUAGE_STANDARD = "gnu++0x";
				CLANG_CXX_LIBRARY = "libc++";
				CLANG_ENABLE_MODULES = YES;
				CLANG_ENABLE_OBJC_ARC = YES;
				CLANG_WARN_BOOL_CONVERSION = YES;
				CLANG_WARN_CONSTANT_CONVERSION = YES;
				CLANG_WARN_DIRECT_OBJC_ISA_USAGE = YES_ERROR;
				CLANG_WARN_EMPTY_BODY = YES;
				CLANG_WARN_ENUM_CONVERSION = YES;
				CLANG_WARN_INT_CONVERSION = YES;
				CLANG_WARN_OBJC_ROOT_CLASS = YES_ERROR;
				CLANG_WARN_UNREACHABLE_CODE = YES;
				CLANG_WARN__DUPLICATE_METHOD_MATCH = YES;
				"CODE_SIGN_IDENTITY[sdk=iphoneos*]" = "iPhone Developer";
				COPY_PHASE_STRIP = YES;
				ENABLE_NS_ASSERTIONS = NO;
				ENABLE_STRICT_OBJC_MSGSEND = YES;
				GCC_C_LANGUAGE_STANDARD = gnu99;
				GCC_WARN_64_TO_32_BIT_CONVERSION = YES;
				GCC_WARN_ABOUT_RETURN_TYPE = YES_ERROR;
				GCC_WARN_UNDECLARED_SELECTOR = YES;
				GCC_WARN_UNINITIALIZED_AUTOS = YES_AGGRESSIVE;
				GCC_WARN_UNUSED_FUNCTION = YES;
				GCC_WARN_UNUSED_VARIABLE = YES;
				IPHONEOS_DEPLOYMENT_TARGET = 8.1;
				MTL_ENABLE_DEBUG_INFO = NO;
				SDKROOT = iphoneos;
				TARGETED_DEVICE_FAMILY = "1,2";
				VALIDATE_PRODUCT = YES;
			};
			name = Release;
		};
		33FF30E71ABA693000EBB57A /* Debug */ = {
			isa = XCBuildConfiguration;
			buildSettings = {
				ASSETCATALOG_COMPILER_APPICON_NAME = AppIcon;
				INFOPLIST_FILE = ToDoList/Info.plist;
				LD_RUNPATH_SEARCH_PATHS = "$(inherited) @executable_path/Frameworks";
				PRODUCT_NAME = "$(TARGET_NAME)";
			};
			name = Debug;
		};
		33FF30E81ABA693000EBB57A /* Release */ = {
			isa = XCBuildConfiguration;
			buildSettings = {
				ASSETCATALOG_COMPILER_APPICON_NAME = AppIcon;
				INFOPLIST_FILE = ToDoList/Info.plist;
				LD_RUNPATH_SEARCH_PATHS = "$(inherited) @executable_path/Frameworks";
				PRODUCT_NAME = "$(TARGET_NAME)";
			};
			name = Release;
		};
		33FF30EA1ABA693000EBB57A /* Debug */ = {
			isa = XCBuildConfiguration;
			buildSettings = {
				BUNDLE_LOADER = "$(TEST_HOST)";
				FRAMEWORK_SEARCH_PATHS = (
					"$(SDKROOT)/Developer/Library/Frameworks",
					"$(inherited)",
				);
				GCC_PREPROCESSOR_DEFINITIONS = (
					"DEBUG=1",
					"$(inherited)",
				);
				INFOPLIST_FILE = ToDoListTests/Info.plist;
				LD_RUNPATH_SEARCH_PATHS = "$(inherited) @executable_path/Frameworks @loader_path/Frameworks";
				PRODUCT_NAME = "$(TARGET_NAME)";
				TEST_HOST = "$(BUILT_PRODUCTS_DIR)/ToDoList.app/ToDoList";
			};
			name = Debug;
		};
		33FF30EB1ABA693000EBB57A /* Release */ = {
			isa = XCBuildConfiguration;
			buildSettings = {
				BUNDLE_LOADER = "$(TEST_HOST)";
				FRAMEWORK_SEARCH_PATHS = (
					"$(SDKROOT)/Developer/Library/Frameworks",
					"$(inherited)",
				);
				INFOPLIST_FILE = ToDoListTests/Info.plist;
				LD_RUNPATH_SEARCH_PATHS = "$(inherited) @executable_path/Frameworks @loader_path/Frameworks";
				PRODUCT_NAME = "$(TARGET_NAME)";
				TEST_HOST = "$(BUILT_PRODUCTS_DIR)/ToDoList.app/ToDoList";
			};
			name = Release;
		};
/* End XCBuildConfiguration section */

/* Begin XCConfigurationList section */
		33FF30BE1ABA693000EBB57A /* Build configuration list for PBXProject "ToDoList" */ = {
			isa = XCConfigurationList;
			buildConfigurations = (
				33FF30E41ABA693000EBB57A /* Debug */,
				33FF30E51ABA693000EBB57A /* Release */,
			);
			defaultConfigurationIsVisible = 0;
			defaultConfigurationName = Release;
		};
		33FF30E61ABA693000EBB57A /* Build configuration list for PBXNativeTarget "ToDoList" */ = {
			isa = XCConfigurationList;
			buildConfigurations = (
				33FF30E71ABA693000EBB57A /* Debug */,
				33FF30E81ABA693000EBB57A /* Release */,
			);
			defaultConfigurationIsVisible = 0;
			defaultConfigurationName = Release;
		};
		33FF30E91ABA693000EBB57A /* Build configuration list for PBXNativeTarget "ToDoListTests" */ = {
			isa = XCConfigurationList;
			buildConfigurations = (
				33FF30EA1ABA693000EBB57A /* Debug */,
				33FF30EB1ABA693000EBB57A /* Release */,
			);
			defaultConfigurationIsVisible = 0;
			defaultConfigurationName = Release;
		};
/* End XCConfigurationList section */
	};
	rootObject = 33FF30BB1ABA693000EBB57A /* Project object */;
}
