// !$*UTF8*$!
{
	archiveVersion = 1;
	classes = {
	};
	objectVersion = 46;
	objects = {

/* Begin PBXBuildFile section */
		3373B2F11AAEBAF200431915 /* AppDelegate.m in Sources */ = {isa = PBXBuildFile; fileRef = 3373B2F01AAEBAF200431915 /* AppDelegate.m */; };
		3373B2F31AAEBAF200431915 /* main.m in Sources */ = {isa = PBXBuildFile; fileRef = 3373B2F21AAEBAF200431915 /* main.m */; };
		3373B2F51AAEBAF200431915 /* Images.xcassets in Resources */ = {isa = PBXBuildFile; fileRef = 3373B2F41AAEBAF200431915 /* Images.xcassets */; };
		3373B2F81AAEBAF200431915 /* MainMenu.xib in Resources */ = {isa = PBXBuildFile; fileRef = 3373B2F61AAEBAF200431915 /* MainMenu.xib */; };
		3373B3041AAEBAF300431915 /* TestMathLilbTests.m in Sources */ = {isa = PBXBuildFile; fileRef = 3373B3031AAEBAF300431915 /* TestMathLilbTests.m */; };
		3373B30E1AAEBBBC00431915 /* libMathLilb.dylib in Frameworks */ = {isa = PBXBuildFile; fileRef = 3373B30D1AAEBBBC00431915 /* libMathLilb.dylib */; };
/* End PBXBuildFile section */

/* Begin PBXContainerItemProxy section */
		3373B2FE1AAEBAF300431915 /* PBXContainerItemProxy */ = {
			isa = PBXContainerItemProxy;
			containerPortal = 3373B2E21AAEBAF200431915 /* Project object */;
			proxyType = 1;
			remoteGlobalIDString = 3373B2E91AAEBAF200431915;
			remoteInfo = TestMathLilb;
		};
/* End PBXContainerItemProxy section */

/* Begin PBXFileReference section */
		3373B2EA1AAEBAF200431915 /* TestMathLilb.app */ = {isa = PBXFileReference; explicitFileType = wrapper.application; includeInIndex = 0; path = TestMathLilb.app; sourceTree = BUILT_PRODUCTS_DIR; };
		3373B2EE1AAEBAF200431915 /* Info.plist */ = {isa = PBXFileReference; lastKnownFileType = text.plist.xml; path = Info.plist; sourceTree = "<group>"; };
		3373B2EF1AAEBAF200431915 /* AppDelegate.h */ = {isa = PBXFileReference; lastKnownFileType = sourcecode.c.h; path = AppDelegate.h; sourceTree = "<group>"; };
		3373B2F01AAEBAF200431915 /* AppDelegate.m */ = {isa = PBXFileReference; lastKnownFileType = sourcecode.c.objc; path = AppDelegate.m; sourceTree = "<group>"; };
		3373B2F21AAEBAF200431915 /* main.m */ = {isa = PBXFileReference; lastKnownFileType = sourcecode.c.objc; path = main.m; sourceTree = "<group>"; };
		3373B2F41AAEBAF200431915 /* Images.xcassets */ = {isa = PBXFileReference; lastKnownFileType = folder.assetcatalog; path = Images.xcassets; sourceTree = "<group>"; };
		3373B2F71AAEBAF200431915 /* Base */ = {isa = PBXFileReference; lastKnownFileType = file.xib; name = Base; path = Base.lproj/MainMenu.xib; sourceTree = "<group>"; };
		3373B2FD1AAEBAF300431915 /* TestMathLilbTests.xctest */ = {isa = PBXFileReference; explicitFileType = wrapper.cfbundle; includeInIndex = 0; path = TestMathLilbTests.xctest; sourceTree = BUILT_PRODUCTS_DIR; };
		3373B3021AAEBAF300431915 /* Info.plist */ = {isa = PBXFileReference; lastKnownFileType = text.plist.xml; path = Info.plist; sourceTree = "<group>"; };
		3373B3031AAEBAF300431915 /* TestMathLilbTests.m */ = {isa = PBXFileReference; lastKnownFileType = sourcecode.c.objc; path = TestMathLilbTests.m; sourceTree = "<group>"; };
		3373B30D1AAEBBBC00431915 /* libMathLilb.dylib */ = {isa = PBXFileReference; lastKnownFileType = "compiled.mach-o.dylib"; name = libMathLilb.dylib; path = "../../Library/Developer/Xcode/DerivedData/MathLilb-bnsknfubvbptslevtsnltsqpqzju/Build/Products/Debug/libMathLilb.dylib"; sourceTree = "<group>"; };
		3373B30F1AAEBC3E00431915 /* MathLib.h */ = {isa = PBXFileReference; fileEncoding = 4; lastKnownFileType = sourcecode.c.h; name = MathLib.h; path = TestMathLilb/MathLib.h; sourceTree = "<group>"; };
/* End PBXFileReference section */

/* Begin PBXFrameworksBuildPhase section */
		3373B2E71AAEBAF200431915 /* Frameworks */ = {
			isa = PBXFrameworksBuildPhase;
			buildActionMask = 2147483647;
			files = (
				3373B30E1AAEBBBC00431915 /* libMathLilb.dylib in Frameworks */,
			);
			runOnlyForDeploymentPostprocessing = 0;
		};
		3373B2FA1AAEBAF300431915 /* Frameworks */ = {
			isa = PBXFrameworksBuildPhase;
			buildActionMask = 2147483647;
			files = (
			);
			runOnlyForDeploymentPostprocessing = 0;
		};
/* End PBXFrameworksBuildPhase section */

/* Begin PBXGroup section */
		3373B2E11AAEBAF200431915 = {
			isa = PBXGroup;
			children = (
				3373B30F1AAEBC3E00431915 /* MathLib.h */,
				3373B30D1AAEBBBC00431915 /* libMathLilb.dylib */,
				3373B2EC1AAEBAF200431915 /* TestMathLilb */,
				3373B3001AAEBAF300431915 /* TestMathLilbTests */,
				3373B2EB1AAEBAF200431915 /* Products */,
			);
			sourceTree = "<group>";
		};
		3373B2EB1AAEBAF200431915 /* Products */ = {
			isa = PBXGroup;
			children = (
				3373B2EA1AAEBAF200431915 /* TestMathLilb.app */,
				3373B2FD1AAEBAF300431915 /* TestMathLilbTests.xctest */,
			);
			name = Products;
			sourceTree = "<group>";
		};
		3373B2EC1AAEBAF200431915 /* TestMathLilb */ = {
			isa = PBXGroup;
			children = (
				3373B2EF1AAEBAF200431915 /* AppDelegate.h */,
				3373B2F01AAEBAF200431915 /* AppDelegate.m */,
				3373B2F41AAEBAF200431915 /* Images.xcassets */,
				3373B2F61AAEBAF200431915 /* MainMenu.xib */,
				3373B2ED1AAEBAF200431915 /* Supporting Files */,
			);
			path = TestMathLilb;
			sourceTree = "<group>";
		};
		3373B2ED1AAEBAF200431915 /* Supporting Files */ = {
			isa = PBXGroup;
			children = (
				3373B2EE1AAEBAF200431915 /* Info.plist */,
				3373B2F21AAEBAF200431915 /* main.m */,
			);
			name = "Supporting Files";
			sourceTree = "<group>";
		};
		3373B3001AAEBAF300431915 /* TestMathLilbTests */ = {
			isa = PBXGroup;
			children = (
				3373B3031AAEBAF300431915 /* TestMathLilbTests.m */,
				3373B3011AAEBAF300431915 /* Supporting Files */,
			);
			path = TestMathLilbTests;
			sourceTree = "<group>";
		};
		3373B3011AAEBAF300431915 /* Supporting Files */ = {
			isa = PBXGroup;
			children = (
				3373B3021AAEBAF300431915 /* Info.plist */,
			);
			name = "Supporting Files";
			sourceTree = "<group>";
		};
/* End PBXGroup section */

/* Begin PBXNativeTarget section */
		3373B2E91AAEBAF200431915 /* TestMathLilb */ = {
			isa = PBXNativeTarget;
			buildConfigurationList = 3373B3071AAEBAF300431915 /* Build configuration list for PBXNativeTarget "TestMathLilb" */;
			buildPhases = (
				3373B2E61AAEBAF200431915 /* Sources */,
				3373B2E71AAEBAF200431915 /* Frameworks */,
				3373B2E81AAEBAF200431915 /* Resources */,
			);
			buildRules = (
			);
			dependencies = (
			);
			name = TestMathLilb;
			productName = TestMathLilb;
			productReference = 3373B2EA1AAEBAF200431915 /* TestMathLilb.app */;
			productType = "com.apple.product-type.application";
		};
		3373B2FC1AAEBAF300431915 /* TestMathLilbTests */ = {
			isa = PBXNativeTarget;
			buildConfigurationList = 3373B30A1AAEBAF300431915 /* Build configuration list for PBXNativeTarget "TestMathLilbTests" */;
			buildPhases = (
				3373B2F91AAEBAF300431915 /* Sources */,
				3373B2FA1AAEBAF300431915 /* Frameworks */,
				3373B2FB1AAEBAF300431915 /* Resources */,
			);
			buildRules = (
			);
			dependencies = (
				3373B2FF1AAEBAF300431915 /* PBXTargetDependency */,
			);
			name = TestMathLilbTests;
			productName = TestMathLilbTests;
			productReference = 3373B2FD1AAEBAF300431915 /* TestMathLilbTests.xctest */;
			productType = "com.apple.product-type.bundle.unit-test";
		};
/* End PBXNativeTarget section */

/* Begin PBXProject section */
		3373B2E21AAEBAF200431915 /* Project object */ = {
			isa = PBXProject;
			attributes = {
				LastUpgradeCheck = 0610;
				ORGANIZATIONNAME = LiuScott;
				TargetAttributes = {
					3373B2E91AAEBAF200431915 = {
						CreatedOnToolsVersion = 6.1.1;
					};
					3373B2FC1AAEBAF300431915 = {
						CreatedOnToolsVersion = 6.1.1;
						TestTargetID = 3373B2E91AAEBAF200431915;
					};
				};
			};
			buildConfigurationList = 3373B2E51AAEBAF200431915 /* Build configuration list for PBXProject "TestMathLilb" */;
			compatibilityVersion = "Xcode 3.2";
			developmentRegion = English;
			hasScannedForEncodings = 0;
			knownRegions = (
				en,
				Base,
			);
			mainGroup = 3373B2E11AAEBAF200431915;
			productRefGroup = 3373B2EB1AAEBAF200431915 /* Products */;
			projectDirPath = "";
			projectRoot = "";
			targets = (
				3373B2E91AAEBAF200431915 /* TestMathLilb */,
				3373B2FC1AAEBAF300431915 /* TestMathLilbTests */,
			);
		};
/* End PBXProject section */

/* Begin PBXResourcesBuildPhase section */
		3373B2E81AAEBAF200431915 /* Resources */ = {
			isa = PBXResourcesBuildPhase;
			buildActionMask = 2147483647;
			files = (
				3373B2F51AAEBAF200431915 /* Images.xcassets in Resources */,
				3373B2F81AAEBAF200431915 /* MainMenu.xib in Resources */,
			);
			runOnlyForDeploymentPostprocessing = 0;
		};
		3373B2FB1AAEBAF300431915 /* Resources */ = {
			isa = PBXResourcesBuildPhase;
			buildActionMask = 2147483647;
			files = (
			);
			runOnlyForDeploymentPostprocessing = 0;
		};
/* End PBXResourcesBuildPhase section */

/* Begin PBXSourcesBuildPhase section */
		3373B2E61AAEBAF200431915 /* Sources */ = {
			isa = PBXSourcesBuildPhase;
			buildActionMask = 2147483647;
			files = (
				3373B2F31AAEBAF200431915 /* main.m in Sources */,
				3373B2F11AAEBAF200431915 /* AppDelegate.m in Sources */,
			);
			runOnlyForDeploymentPostprocessing = 0;
		};
		3373B2F91AAEBAF300431915 /* Sources */ = {
			isa = PBXSourcesBuildPhase;
			buildActionMask = 2147483647;
			files = (
				3373B3041AAEBAF300431915 /* TestMathLilbTests.m in Sources */,
			);
			runOnlyForDeploymentPostprocessing = 0;
		};
/* End PBXSourcesBuildPhase section */

/* Begin PBXTargetDependency section */
		3373B2FF1AAEBAF300431915 /* PBXTargetDependency */ = {
			isa = PBXTargetDependency;
			target = 3373B2E91AAEBAF200431915 /* TestMathLilb */;
			targetProxy = 3373B2FE1AAEBAF300431915 /* PBXContainerItemProxy */;
		};
/* End PBXTargetDependency section */

/* Begin PBXVariantGroup section */
		3373B2F61AAEBAF200431915 /* MainMenu.xib */ = {
			isa = PBXVariantGroup;
			children = (
				3373B2F71AAEBAF200431915 /* Base */,
			);
			name = MainMenu.xib;
			sourceTree = "<group>";
		};
/* End PBXVariantGroup section */

/* Begin XCBuildConfiguration section */
		3373B3051AAEBAF300431915 /* Debug */ = {
			isa = XCBuildConfiguration;
			buildSettings = {
				ALWAYS_SEARCH_USER_PATHS = NO;
				CLANG_CXX_LANGUAGE_STANDARD = "gnu++0x";
				CLANG_CXX_LIBRARY = "libc++";
				CLANG_ENABLE_MODULES = YES;
				CLANG_ENABLE_OBJC_ARC = YES;
				CLANG_WARN_BOOL_CONVERSION = YES;
				CLANG_WARN_CONSTANT_CONVERSION = YES;
				CLANG_WARN_DIRECT_OBJC_ISA_USAGE = YES_ERROR;
				CLANG_WARN_EMPTY_BODY = YES;
				CLANG_WARN_ENUM_CONVERSION = YES;
				CLANG_WARN_INT_CONVERSION = YES;
				CLANG_WARN_OBJC_ROOT_CLASS = YES_ERROR;
				CLANG_WARN_UNREACHABLE_CODE = YES;
				CLANG_WARN__DUPLICATE_METHOD_MATCH = YES;
				CODE_SIGN_IDENTITY = "-";
				COPY_PHASE_STRIP = NO;
				ENABLE_STRICT_OBJC_MSGSEND = YES;
				GCC_C_LANGUAGE_STANDARD = gnu99;
				GCC_DYNAMIC_NO_PIC = NO;
				GCC_OPTIMIZATION_LEVEL = 0;
				GCC_PREPROCESSOR_DEFINITIONS = (
					"DEBUG=1",
					"$(inherited)",
				);
				GCC_SYMBOLS_PRIVATE_EXTERN = NO;
				GCC_WARN_64_TO_32_BIT_CONVERSION = YES;
				GCC_WARN_ABOUT_RETURN_TYPE = YES_ERROR;
				GCC_WARN_UNDECLARED_SELECTOR = YES;
				GCC_WARN_UNINITIALIZED_AUTOS = YES_AGGRESSIVE;
				GCC_WARN_UNUSED_FUNCTION = YES;
				GCC_WARN_UNUSED_VARIABLE = YES;
				MACOSX_DEPLOYMENT_TARGET = 10.9;
				MTL_ENABLE_DEBUG_INFO = YES;
				ONLY_ACTIVE_ARCH = YES;
				SDKROOT = macosx;
			};
			name = Debug;
		};
		3373B3061AAEBAF300431915 /* Release */ = {
			isa = XCBuildConfiguration;
			buildSettings = {
				ALWAYS_SEARCH_USER_PATHS = NO;
				CLANG_CXX_LANGUAGE_STANDARD = "gnu++0x";
				CLANG_CXX_LIBRARY = "libc++";
				CLANG_ENABLE_MODULES = YES;
				CLANG_ENABLE_OBJC_ARC = YES;
				CLANG_WARN_BOOL_CONVERSION = YES;
				CLANG_WARN_CONSTANT_CONVERSION = YES;
				CLANG_WARN_DIRECT_OBJC_ISA_USAGE = YES_ERROR;
				CLANG_WARN_EMPTY_BODY = YES;
				CLANG_WARN_ENUM_CONVERSION = YES;
				CLANG_WARN_INT_CONVERSION = YES;
				CLANG_WARN_OBJC_ROOT_CLASS = YES_ERROR;
				CLANG_WARN_UNREACHABLE_CODE = YES;
				CLANG_WARN__DUPLICATE_METHOD_MATCH = YES;
				CODE_SIGN_IDENTITY = "-";
				COPY_PHASE_STRIP = YES;
				DEBUG_INFORMATION_FORMAT = "dwarf-with-dsym";
				ENABLE_NS_ASSERTIONS = NO;
				ENABLE_STRICT_OBJC_MSGSEND = YES;
				GCC_C_LANGUAGE_STANDARD = gnu99;
				GCC_WARN_64_TO_32_BIT_CONVERSION = YES;
				GCC_WARN_ABOUT_RETURN_TYPE = YES_ERROR;
				GCC_WARN_UNDECLARED_SELECTOR = YES;
				GCC_WARN_UNINITIALIZED_AUTOS = YES_AGGRESSIVE;
				GCC_WARN_UNUSED_FUNCTION = YES;
				GCC_WARN_UNUSED_VARIABLE = YES;
				MACOSX_DEPLOYMENT_TARGET = 10.9;
				MTL_ENABLE_DEBUG_INFO = NO;
				SDKROOT = macosx;
			};
			name = Release;
		};
		3373B3081AAEBAF300431915 /* Debug */ = {
			isa = XCBuildConfiguration;
			buildSettings = {
				ASSETCATALOG_COMPILER_APPICON_NAME = AppIcon;
				COMBINE_HIDPI_IMAGES = YES;
				INFOPLIST_FILE = TestMathLilb/Info.plist;
				LD_RUNPATH_SEARCH_PATHS = "$(inherited) @executable_path/../Frameworks";
				LIBRARY_SEARCH_PATHS = (
					"$(inherited)",
					"$(USER_LIBRARY_DIR)/Developer/Xcode/DerivedData/MathLilb-bnsknfubvbptslevtsnltsqpqzju/Build/Products/Debug",
				);
				PRODUCT_NAME = "$(TARGET_NAME)";
			};
			name = Debug;
		};
		3373B3091AAEBAF300431915 /* Release */ = {
			isa = XCBuildConfiguration;
			buildSettings = {
				ASSETCATALOG_COMPILER_APPICON_NAME = AppIcon;
				COMBINE_HIDPI_IMAGES = YES;
				INFOPLIST_FILE = TestMathLilb/Info.plist;
				LD_RUNPATH_SEARCH_PATHS = "$(inherited) @executable_path/../Frameworks";
				LIBRARY_SEARCH_PATHS = (
					"$(inherited)",
					"$(USER_LIBRARY_DIR)/Developer/Xcode/DerivedData/MathLilb-bnsknfubvbptslevtsnltsqpqzju/Build/Products/Debug",
				);
				PRODUCT_NAME = "$(TARGET_NAME)";
			};
			name = Release;
		};
		3373B30B1AAEBAF300431915 /* Debug */ = {
			isa = XCBuildConfiguration;
			buildSettings = {
				BUNDLE_LOADER = "$(TEST_HOST)";
				COMBINE_HIDPI_IMAGES = YES;
				FRAMEWORK_SEARCH_PATHS = (
					"$(DEVELOPER_FRAMEWORKS_DIR)",
					"$(inherited)",
				);
				GCC_PREPROCESSOR_DEFINITIONS = (
					"DEBUG=1",
					"$(inherited)",
				);
				INFOPLIST_FILE = TestMathLilbTests/Info.plist;
				LD_RUNPATH_SEARCH_PATHS = "$(inherited) @executable_path/../Frameworks @loader_path/../Frameworks";
				PRODUCT_NAME = "$(TARGET_NAME)";
				TEST_HOST = "$(BUILT_PRODUCTS_DIR)/TestMathLilb.app/Contents/MacOS/TestMathLilb";
			};
			name = Debug;
		};
		3373B30C1AAEBAF300431915 /* Release */ = {
			isa = XCBuildConfiguration;
			buildSettings = {
				BUNDLE_LOADER = "$(TEST_HOST)";
				COMBINE_HIDPI_IMAGES = YES;
				FRAMEWORK_SEARCH_PATHS = (
					"$(DEVELOPER_FRAMEWORKS_DIR)",
					"$(inherited)",
				);
				INFOPLIST_FILE = TestMathLilbTests/Info.plist;
				LD_RUNPATH_SEARCH_PATHS = "$(inherited) @executable_path/../Frameworks @loader_path/../Frameworks";
				PRODUCT_NAME = "$(TARGET_NAME)";
				TEST_HOST = "$(BUILT_PRODUCTS_DIR)/TestMathLilb.app/Contents/MacOS/TestMathLilb";
			};
			name = Release;
		};
/* End XCBuildConfiguration section */

/* Begin XCConfigurationList section */
		3373B2E51AAEBAF200431915 /* Build configuration list for PBXProject "TestMathLilb" */ = {
			isa = XCConfigurationList;
			buildConfigurations = (
				3373B3051AAEBAF300431915 /* Debug */,
				3373B3061AAEBAF300431915 /* Release */,
			);
			defaultConfigurationIsVisible = 0;
			defaultConfigurationName = Release;
		};
		3373B3071AAEBAF300431915 /* Build configuration list for PBXNativeTarget "TestMathLilb" */ = {
			isa = XCConfigurationList;
			buildConfigurations = (
				3373B3081AAEBAF300431915 /* Debug */,
				3373B3091AAEBAF300431915 /* Release */,
			);
			defaultConfigurationIsVisible = 0;
		};
		3373B30A1AAEBAF300431915 /* Build configuration list for PBXNativeTarget "TestMathLilbTests" */ = {
			isa = XCConfigurationList;
			buildConfigurations = (
				3373B30B1AAEBAF300431915 /* Debug */,
				3373B30C1AAEBAF300431915 /* Release */,
			);
			defaultConfigurationIsVisible = 0;
		};
/* End XCConfigurationList section */
	};
	rootObject = 3373B2E21AAEBAF200431915 /* Project object */;
}
